
Microsoft Visual Studio Solution File, Format Version 12.00
# Visual Studio Version 17
VisualStudioVersion = 17.4.33122.133
MinimumVisualStudioVersion = 10.0.40219.1
Project("{FAE04EC0-301F-11D3-BF4B-00C04F79EFBC}") = "PathwayFinding", "PathwayFinding\PathwayFinding.csproj", "{4438F9D6-415F-4522-A944-9D3D780ADF27}"
EndProject
Global
	GlobalSection(SolutionConfigurationPlatforms) = preSolution
		Debug|Any CPU = Debug|Any CPU
		Release|Any CPU = Release|Any CPU
	EndGlobalSection
	GlobalSection(ProjectConfigurationPlatforms) = postSolution
		{4438F9D6-415F-4522-A944-9D3D780ADF27}.Debug|Any CPU.ActiveCfg = Debug|Any CPU
		{4438F9D6-415F-4522-A944-9D3D780ADF27}.Debug|Any CPU.Build.0 = Debug|Any CPU
		{4438F9D6-415F-4522-A944-9D3D780ADF27}.Release|Any CPU.ActiveCfg = Release|Any CPU
		{4438F9D6-415F-4522-A944-9D3D780ADF27}.Release|Any CPU.Build.0 = Release|Any CPU
	EndGlobalSection
	GlobalSection(SolutionProperties) = preSolution
		HideSolutionNode = FALSE
	EndGlobalSection
	GlobalSection(ExtensibilityGlobals) = postSolution
		SolutionGuid = {A6933E73-EEE8-4E59-9959-169F60A5422A}
	EndGlobalSection
EndGlobal
